
Microsoft Visual Studio Solution File, Format Version 12.00
# Visual Studio Version 17
VisualStudioVersion = 17.1.32328.378
MinimumVisualStudioVersion = 10.0.40219.1
Project("{9A19103F-16F7-4668-BE54-9A1E7A4F7556}") = "assignment_Dataaccess", "assignment_Dataaccess\assignment_Dataaccess.csproj", "{99307C00-705D-4FFA-BE70-E2479844F58C}"
EndProject
Project("{2150E333-8FDC-42A3-9474-1A3956D46DE8}") = "Solution Items", "Solution Items", "{21113B58-AEA0-43A8-8B4D-C7FC21FEF321}"
	ProjectSection(SolutionItems) = preProject
		RuleSet1.ruleset = RuleSet1.ruleset
	EndProjectSection
EndProject
Global
	GlobalSection(SolutionConfigurationPlatforms) = preSolution
		Debug|Any CPU = Debug|Any CPU
		Release|Any CPU = Release|Any CPU
	EndGlobalSection
	GlobalSection(ProjectConfigurationPlatforms) = postSolution
		{99307C00-705D-4FFA-BE70-E2479844F58C}.Debug|Any CPU.ActiveCfg = Debug|Any CPU
		{99307C00-705D-4FFA-BE70-E2479844F58C}.Debug|Any CPU.Build.0 = Debug|Any CPU
		{99307C00-705D-4FFA-BE70-E2479844F58C}.Release|Any CPU.ActiveCfg = Release|Any CPU
		{99307C00-705D-4FFA-BE70-E2479844F58C}.Release|Any CPU.Build.0 = Release|Any CPU
	EndGlobalSection
	GlobalSection(SolutionProperties) = preSolution
		HideSolutionNode = FALSE
	EndGlobalSection
	GlobalSection(ExtensibilityGlobals) = postSolution
		SolutionGuid = {04098D22-71B9-430E-80B6-47D1ACEBD158}
	EndGlobalSection
EndGlobal
